{
  "pins" : [
    {
      "identity" : "packagmanaer",
      "kind" : "remoteSourceControl",
      "location" : "https://github.com/shivam7248198429yadav/packagmanaer/",
      "state" : {
        "branch" : "main",
        "revision" : "9e54bb0230e51533544fb1299e693f1878d0fe37"
      }
    },
    {
      "identity" : "starscream",
      "kind" : "remoteSourceControl",
      "location" : "https://github.com/daltoniam/Starscream.git",
      "state" : {
        "revision" : "df8d82047f6654d8e4b655d1b1525c64e1059d21",
        "version" : "4.0.4"
      }
    }
  ],
  "version" : 2
}
