{
  "pins" : [
    {
      "identity" : "packagmanaer",
      "kind" : "remoteSourceControl",
      "location" : "https://github.com/shivam7248198429yadav/packagmanaer/",
      "state" : {
        "branch" : "main",
        "revision" : "4c80d6bf512ebacb1ba8803e3f542c7c17502623"
      }
    },
    {
      "identity" : "starscream",
      "kind" : "remoteSourceControl",
      "location" : "https://github.com/daltoniam/Starscream.git",
      "state" : {
        "revision" : "df8d82047f6654d8e4b655d1b1525c64e1059d21",
        "version" : "4.0.4"
      }
    }
  ],
  "version" : 2
}
